{
  "name": "webdriver-recipes",
  "requires": true,
  "lockfileVersion": 1,
  "dependencies": {
    "selenium-webdriver": {
      "version": "2.42.1",
      "resolved": "https://registry.npmjs.org/selenium-webdriver/-/selenium-webdriver-2.42.1.tgz",
      "integrity": "sha1-YZhNFYO4nICp878xYj0AvMgqjQ4=",
      "dev": true
    }
  }
}
